
Microsoft Visual Studio Solution File, Format Version 12.00
# Visual Studio 15
VisualStudioVersion = 15.0.27703.2026
MinimumVisualStudioVersion = 10.0.40219.1
Project("{8BC9CEB8-8B4A-11D0-8D11-00A0C91BC942}") = "[Section 2] Template Basic", "[Section 2] Template Basic\[Section 2] Template Basic.vcxproj", "{FE72AD00-601D-4C12-B60A-CC51F19D890A}"
EndProject
Project("{8BC9CEB8-8B4A-11D0-8D11-00A0C91BC942}") = "[Section 3] Specialization", "Specialization\Specialization.vcxproj", "{E5CA821F-8ABB-4C41-BEE3-7D3009B6D340}"
EndProject
Project("{8BC9CEB8-8B4A-11D0-8D11-00A0C91BC942}") = "[Section 4] type traits", "[Section 4] type traits\[Section 4] type traits.vcxproj", "{9686295C-CA29-43D9-BEA7-CCCA4A718391}"
EndProject
Project("{2150E333-8FDC-42A3-9474-1A3956D46DE8}") = "Solution Items", "Solution Items", "{83A40C84-0AD1-4C02-914D-5A334E2D01B7}"
	ProjectSection(SolutionItems) = preProject
		base.txt = base.txt
	EndProjectSection
EndProject
Project("{8BC9CEB8-8B4A-11D0-8D11-00A0C91BC942}") = "[Section 5] variadic template", "[Section 5] variadic template\[Section 5] variadic template.vcxproj", "{7119B4EA-0CCF-4CE8-A187-F49BEB600CD8}"
EndProject
Project("{8BC9CEB8-8B4A-11D0-8D11-00A0C91BC942}") = "[Section 6] Template Design", "[Section 6] Template Design\[Section 6] Template Design.vcxproj", "{3C9676E6-B401-41D0-9A4D-FC2BB760D380}"
EndProject
Global
	GlobalSection(SolutionConfigurationPlatforms) = preSolution
		Debug|x64 = Debug|x64
		Debug|x86 = Debug|x86
		Release|x64 = Release|x64
		Release|x86 = Release|x86
	EndGlobalSection
	GlobalSection(ProjectConfigurationPlatforms) = postSolution
		{FE72AD00-601D-4C12-B60A-CC51F19D890A}.Debug|x64.ActiveCfg = Debug|x64
		{FE72AD00-601D-4C12-B60A-CC51F19D890A}.Debug|x64.Build.0 = Debug|x64
		{FE72AD00-601D-4C12-B60A-CC51F19D890A}.Debug|x86.ActiveCfg = Debug|Win32
		{FE72AD00-601D-4C12-B60A-CC51F19D890A}.Debug|x86.Build.0 = Debug|Win32
		{FE72AD00-601D-4C12-B60A-CC51F19D890A}.Release|x64.ActiveCfg = Release|x64
		{FE72AD00-601D-4C12-B60A-CC51F19D890A}.Release|x64.Build.0 = Release|x64
		{FE72AD00-601D-4C12-B60A-CC51F19D890A}.Release|x86.ActiveCfg = Release|Win32
		{FE72AD00-601D-4C12-B60A-CC51F19D890A}.Release|x86.Build.0 = Release|Win32
		{E5CA821F-8ABB-4C41-BEE3-7D3009B6D340}.Debug|x64.ActiveCfg = Debug|x64
		{E5CA821F-8ABB-4C41-BEE3-7D3009B6D340}.Debug|x64.Build.0 = Debug|x64
		{E5CA821F-8ABB-4C41-BEE3-7D3009B6D340}.Debug|x86.ActiveCfg = Debug|Win32
		{E5CA821F-8ABB-4C41-BEE3-7D3009B6D340}.Debug|x86.Build.0 = Debug|Win32
		{E5CA821F-8ABB-4C41-BEE3-7D3009B6D340}.Release|x64.ActiveCfg = Release|x64
		{E5CA821F-8ABB-4C41-BEE3-7D3009B6D340}.Release|x64.Build.0 = Release|x64
		{E5CA821F-8ABB-4C41-BEE3-7D3009B6D340}.Release|x86.ActiveCfg = Release|Win32
		{E5CA821F-8ABB-4C41-BEE3-7D3009B6D340}.Release|x86.Build.0 = Release|Win32
		{9686295C-CA29-43D9-BEA7-CCCA4A718391}.Debug|x64.ActiveCfg = Debug|x64
		{9686295C-CA29-43D9-BEA7-CCCA4A718391}.Debug|x64.Build.0 = Debug|x64
		{9686295C-CA29-43D9-BEA7-CCCA4A718391}.Debug|x86.ActiveCfg = Debug|Win32
		{9686295C-CA29-43D9-BEA7-CCCA4A718391}.Debug|x86.Build.0 = Debug|Win32
		{9686295C-CA29-43D9-BEA7-CCCA4A718391}.Release|x64.ActiveCfg = Release|x64
		{9686295C-CA29-43D9-BEA7-CCCA4A718391}.Release|x64.Build.0 = Release|x64
		{9686295C-CA29-43D9-BEA7-CCCA4A718391}.Release|x86.ActiveCfg = Release|Win32
		{9686295C-CA29-43D9-BEA7-CCCA4A718391}.Release|x86.Build.0 = Release|Win32
		{7119B4EA-0CCF-4CE8-A187-F49BEB600CD8}.Debug|x64.ActiveCfg = Debug|x64
		{7119B4EA-0CCF-4CE8-A187-F49BEB600CD8}.Debug|x64.Build.0 = Debug|x64
		{7119B4EA-0CCF-4CE8-A187-F49BEB600CD8}.Debug|x86.ActiveCfg = Debug|Win32
		{7119B4EA-0CCF-4CE8-A187-F49BEB600CD8}.Debug|x86.Build.0 = Debug|Win32
		{7119B4EA-0CCF-4CE8-A187-F49BEB600CD8}.Release|x64.ActiveCfg = Release|x64
		{7119B4EA-0CCF-4CE8-A187-F49BEB600CD8}.Release|x64.Build.0 = Release|x64
		{7119B4EA-0CCF-4CE8-A187-F49BEB600CD8}.Release|x86.ActiveCfg = Release|Win32
		{7119B4EA-0CCF-4CE8-A187-F49BEB600CD8}.Release|x86.Build.0 = Release|Win32
		{3C9676E6-B401-41D0-9A4D-FC2BB760D380}.Debug|x64.ActiveCfg = Debug|x64
		{3C9676E6-B401-41D0-9A4D-FC2BB760D380}.Debug|x64.Build.0 = Debug|x64
		{3C9676E6-B401-41D0-9A4D-FC2BB760D380}.Debug|x86.ActiveCfg = Debug|Win32
		{3C9676E6-B401-41D0-9A4D-FC2BB760D380}.Debug|x86.Build.0 = Debug|Win32
		{3C9676E6-B401-41D0-9A4D-FC2BB760D380}.Release|x64.ActiveCfg = Release|x64
		{3C9676E6-B401-41D0-9A4D-FC2BB760D380}.Release|x64.Build.0 = Release|x64
		{3C9676E6-B401-41D0-9A4D-FC2BB760D380}.Release|x86.ActiveCfg = Release|Win32
		{3C9676E6-B401-41D0-9A4D-FC2BB760D380}.Release|x86.Build.0 = Release|Win32
	EndGlobalSection
	GlobalSection(SolutionProperties) = preSolution
		HideSolutionNode = FALSE
	EndGlobalSection
	GlobalSection(ExtensibilityGlobals) = postSolution
		SolutionGuid = {0C21F39E-F875-4251-B471-E18BD1B0B1E3}
	EndGlobalSection
EndGlobal
